
Microsoft Visual Studio Solution File, Format Version 12.00
# Visual Studio Version 17
VisualStudioVersion = 17.7.34003.232
MinimumVisualStudioVersion = 10.0.40219.1
Project("{FAE04EC0-301F-11D3-BF4B-00C04F79EFBC}") = "ListasDeNuevo", "ListasDeNuevo\ListasDeNuevo.csproj", "{CF8A6872-5BF1-458C-8363-B4C23F270993}"
EndProject
Global
	GlobalSection(SolutionConfigurationPlatforms) = preSolution
		Debug|Any CPU = Debug|Any CPU
		Release|Any CPU = Release|Any CPU
	EndGlobalSection
	GlobalSection(ProjectConfigurationPlatforms) = postSolution
		{CF8A6872-5BF1-458C-8363-B4C23F270993}.Debug|Any CPU.ActiveCfg = Debug|Any CPU
		{CF8A6872-5BF1-458C-8363-B4C23F270993}.Debug|Any CPU.Build.0 = Debug|Any CPU
		{CF8A6872-5BF1-458C-8363-B4C23F270993}.Release|Any CPU.ActiveCfg = Release|Any CPU
		{CF8A6872-5BF1-458C-8363-B4C23F270993}.Release|Any CPU.Build.0 = Release|Any CPU
	EndGlobalSection
	GlobalSection(SolutionProperties) = preSolution
		HideSolutionNode = FALSE
	EndGlobalSection
	GlobalSection(ExtensibilityGlobals) = postSolution
		SolutionGuid = {DD7D80AA-5ADA-4851-AF2F-17CEE06AAE75}
	EndGlobalSection
EndGlobal
